
Microsoft Visual Studio Solution File, Format Version 12.00
# Visual Studio Version 17
VisualStudioVersion = 17.10.35004.147
MinimumVisualStudioVersion = 10.0.40219.1
Project("{FAE04EC0-301F-11D3-BF4B-00C04F79EFBC}") = "FaceApp", "FaceApp\FaceApp.csproj", "{C3C889F6-E8DC-4DD5-9E4D-1939B3080145}"
EndProject
Global
	GlobalSection(SolutionConfigurationPlatforms) = preSolution
		Debug|Any CPU = Debug|Any CPU
		Release|Any CPU = Release|Any CPU
	EndGlobalSection
	GlobalSection(ProjectConfigurationPlatforms) = postSolution
		{C3C889F6-E8DC-4DD5-9E4D-1939B3080145}.Debug|Any CPU.ActiveCfg = Debug|Any CPU
		{C3C889F6-E8DC-4DD5-9E4D-1939B3080145}.Debug|Any CPU.Build.0 = Debug|Any CPU
		{C3C889F6-E8DC-4DD5-9E4D-1939B3080145}.Release|Any CPU.ActiveCfg = Release|Any CPU
		{C3C889F6-E8DC-4DD5-9E4D-1939B3080145}.Release|Any CPU.Build.0 = Release|Any CPU
	EndGlobalSection
	GlobalSection(SolutionProperties) = preSolution
		HideSolutionNode = FALSE
	EndGlobalSection
	GlobalSection(ExtensibilityGlobals) = postSolution
		SolutionGuid = {176E8EDB-DB6D-4C6C-A23B-FAB7418D2B28}
	EndGlobalSection
EndGlobal
